{
  "name": "npm-ci-bin-issue-app",
  "requires": true,
  "lockfileVersion": 1,
  "dependencies": {
    "npm-ci-bin-issue-module-first": {
      "version": "1.0.2",
      "resolved": "https://registry.npmjs.org/npm-ci-bin-issue-module-first/-/npm-ci-bin-issue-module-first-1.0.2.tgz",
      "integrity": "sha512-hU52iH6EXPqj4vGqqfhvNLpaSWcSlKk+HHIFfoSvhrM1X2VeOQqQLK0UhhwlTeO2al7vmfjvyWWWNcO5b9k1Sg=="
    },
    "npm-ci-bin-issue-module-second": {
      "version": "1.0.0",
      "resolved": "https://registry.npmjs.org/npm-ci-bin-issue-module-second/-/npm-ci-bin-issue-module-second-1.0.0.tgz",
      "integrity": "sha512-1S6vDIIeEAYbtSBhjUEmgtkrou1RXN3FGCjwhfdyt8F6K5+L39nCIqWQVZq/59jWSEFPXE9EPbPQv28QwvLaug=="
    }
  }
}
